
Microsoft Visual Studio Solution File, Format Version 12.00
# Visual Studio Version 17
VisualStudioVersion = 17.6.33723.286
MinimumVisualStudioVersion = 10.0.40219.1
Project("{FAE04EC0-301F-11D3-BF4B-00C04F79EFBC}") = "WpfAppPetT", "WpfAppPetT.csproj", "{7CCF3270-D9F3-4838-B115-B39B342A4EE6}"
EndProject
Global
	GlobalSection(SolutionConfigurationPlatforms) = preSolution
		Debug|Any CPU = Debug|Any CPU
		Release|Any CPU = Release|Any CPU
	EndGlobalSection
	GlobalSection(ProjectConfigurationPlatforms) = postSolution
		{7CCF3270-D9F3-4838-B115-B39B342A4EE6}.Debug|Any CPU.ActiveCfg = Debug|Any CPU
		{7CCF3270-D9F3-4838-B115-B39B342A4EE6}.Debug|Any CPU.Build.0 = Debug|Any CPU
		{7CCF3270-D9F3-4838-B115-B39B342A4EE6}.Release|Any CPU.ActiveCfg = Release|Any CPU
		{7CCF3270-D9F3-4838-B115-B39B342A4EE6}.Release|Any CPU.Build.0 = Release|Any CPU
	EndGlobalSection
	GlobalSection(SolutionProperties) = preSolution
		HideSolutionNode = FALSE
	EndGlobalSection
	GlobalSection(ExtensibilityGlobals) = postSolution
		SolutionGuid = {EBD96FAE-AE93-4C89-A568-C7C94BA64573}
	EndGlobalSection
EndGlobal
